{
    "name": "vertx-api",
    "version": "1.0.0",
    "lockfileVersion": 2,
    "requires": true,
    "packages": {
        "": {
            "name": "vertx-api",
            "version": "1.0.0",
            "dependencies": {
                "vertx-api": "file:"
            }
        },
        "node_modules/vertx-api": {
            "resolved": "",
            "link": true
        }
    },
    "dependencies": {
        "vertx-api": {
            "version": "file:",
            "requires": {
                "vertx-api": "file:"
            }
        }
    }
}
