{
    "name": "quarkus-api",
    "version": "1.0.0",
    "lockfileVersion": 2,
    "requires": true,
    "packages": {
        "": {
            "name": "quarkus-api",
            "version": "1.0.0",
            "dependencies": {
                "quarkus-api": "file:"
            }
        },
        "node_modules/quarkus-api": {
            "resolved": "",
            "link": true
        }
    },
    "dependencies": {
        "quarkus-api": {
            "version": "file:",
            "requires": {
                "quarkus-api": "file:"
            }
        }
    }
}
